
Microsoft Visual Studio Solution File, Format Version 12.00
# Visual Studio Version 16
VisualStudioVersion = 16.0.31515.178
MinimumVisualStudioVersion = 10.0.40219.1
Project("{FAE04EC0-301F-11D3-BF4B-00C04F79EFBC}") = "WebCalculator", "WebCalculator\WebCalculator.csproj", "{6A41FEB9-A579-4AAC-B7CC-33F7CD100717}"
EndProject
Project("{FAE04EC0-301F-11D3-BF4B-00C04F79EFBC}") = "SharedCalculator", "SharedCalculator\SharedCalculator.csproj", "{6749CDC5-16C0-48E0-86ED-BC7952F9725A}"
EndProject
Project("{FAE04EC0-301F-11D3-BF4B-00C04F79EFBC}") = "CalculatorUnitTests", "CalculatorUnitTests\CalculatorUnitTests.csproj", "{BD5A51CD-40C7-4F81-8B75-61896DFDC997}"
EndProject
Project("{FAE04EC0-301F-11D3-BF4B-00C04F79EFBC}") = "CalculatorIntegrationTest", "CalculatorIntegrationTest\CalculatorIntegrationTest.csproj", "{580BE2AF-D5F3-4950-977B-195695921DF2}"
EndProject
Global
	GlobalSection(SolutionConfigurationPlatforms) = preSolution
		Debug|Any CPU = Debug|Any CPU
		Release|Any CPU = Release|Any CPU
	EndGlobalSection
	GlobalSection(ProjectConfigurationPlatforms) = postSolution
		{6A41FEB9-A579-4AAC-B7CC-33F7CD100717}.Debug|Any CPU.ActiveCfg = Debug|Any CPU
		{6A41FEB9-A579-4AAC-B7CC-33F7CD100717}.Debug|Any CPU.Build.0 = Debug|Any CPU
		{6A41FEB9-A579-4AAC-B7CC-33F7CD100717}.Release|Any CPU.ActiveCfg = Release|Any CPU
		{6A41FEB9-A579-4AAC-B7CC-33F7CD100717}.Release|Any CPU.Build.0 = Release|Any CPU
		{6749CDC5-16C0-48E0-86ED-BC7952F9725A}.Debug|Any CPU.ActiveCfg = Debug|Any CPU
		{6749CDC5-16C0-48E0-86ED-BC7952F9725A}.Debug|Any CPU.Build.0 = Debug|Any CPU
		{6749CDC5-16C0-48E0-86ED-BC7952F9725A}.Release|Any CPU.ActiveCfg = Release|Any CPU
		{6749CDC5-16C0-48E0-86ED-BC7952F9725A}.Release|Any CPU.Build.0 = Release|Any CPU
		{BD5A51CD-40C7-4F81-8B75-61896DFDC997}.Debug|Any CPU.ActiveCfg = Debug|Any CPU
		{BD5A51CD-40C7-4F81-8B75-61896DFDC997}.Debug|Any CPU.Build.0 = Debug|Any CPU
		{BD5A51CD-40C7-4F81-8B75-61896DFDC997}.Release|Any CPU.ActiveCfg = Release|Any CPU
		{BD5A51CD-40C7-4F81-8B75-61896DFDC997}.Release|Any CPU.Build.0 = Release|Any CPU
		{580BE2AF-D5F3-4950-977B-195695921DF2}.Debug|Any CPU.ActiveCfg = Debug|Any CPU
		{580BE2AF-D5F3-4950-977B-195695921DF2}.Debug|Any CPU.Build.0 = Debug|Any CPU
		{580BE2AF-D5F3-4950-977B-195695921DF2}.Release|Any CPU.ActiveCfg = Release|Any CPU
		{580BE2AF-D5F3-4950-977B-195695921DF2}.Release|Any CPU.Build.0 = Release|Any CPU
	EndGlobalSection
	GlobalSection(SolutionProperties) = preSolution
		HideSolutionNode = FALSE
	EndGlobalSection
	GlobalSection(ExtensibilityGlobals) = postSolution
		SolutionGuid = {8BF7B932-ACA6-42B1-8B6D-C57B2A6E1860}
	EndGlobalSection
EndGlobal
